{
    "requires": true,
    "lockfileVersion": 1,
    "dependencies": {
        "js-datepicker": {
            "version": "5.2.1",
            "resolved": "https://registry.npmjs.org/js-datepicker/-/js-datepicker-5.2.1.tgz",
            "integrity": "sha512-lkXhST7AXkkZyUrKNFu08O1djQDIqf0NXbFVJawryVBGwV8YK6bFGBcdzZnWThCW16jAvwo1jA+2FTu437WI6Q=="
        }
    }
}
